
Microsoft Visual Studio Solution File, Format Version 12.00
# Visual Studio Version 17
VisualStudioVersion = 17.4.33205.214
MinimumVisualStudioVersion = 10.0.40219.1
Project("{FAE04EC0-301F-11D3-BF4B-00C04F79EFBC}") = "SuperHeroApiDotNet7", "SuperHeroApiDotNet7\SuperHeroApiDotNet7.csproj", "{0C3C24B6-F217-4FED-98C9-B1242C8EC8CC}"
EndProject
Global
	GlobalSection(SolutionConfigurationPlatforms) = preSolution
		Debug|Any CPU = Debug|Any CPU
		Release|Any CPU = Release|Any CPU
	EndGlobalSection
	GlobalSection(ProjectConfigurationPlatforms) = postSolution
		{0C3C24B6-F217-4FED-98C9-B1242C8EC8CC}.Debug|Any CPU.ActiveCfg = Debug|Any CPU
		{0C3C24B6-F217-4FED-98C9-B1242C8EC8CC}.Debug|Any CPU.Build.0 = Debug|Any CPU
		{0C3C24B6-F217-4FED-98C9-B1242C8EC8CC}.Release|Any CPU.ActiveCfg = Release|Any CPU
		{0C3C24B6-F217-4FED-98C9-B1242C8EC8CC}.Release|Any CPU.Build.0 = Release|Any CPU
	EndGlobalSection
	GlobalSection(SolutionProperties) = preSolution
		HideSolutionNode = FALSE
	EndGlobalSection
	GlobalSection(ExtensibilityGlobals) = postSolution
		SolutionGuid = {44873D78-1BF4-49C6-B09C-1FA9A763463F}
	EndGlobalSection
EndGlobal
